
Microsoft Visual Studio Solution File, Format Version 12.00
# Visual Studio Version 17
VisualStudioVersion = 17.3.32728.150
MinimumVisualStudioVersion = 10.0.40219.1
Project("{FAE04EC0-301F-11D3-BF4B-00C04F79EFBC}") = "BlazorWASM.Server", "BlazorWASM\Server\BlazorWASM.Server.csproj", "{C3C6DF4C-8264-4ADC-998B-82BB838756B3}"
EndProject
Project("{FAE04EC0-301F-11D3-BF4B-00C04F79EFBC}") = "BlazorWASM.Client", "BlazorWASM\Client\BlazorWASM.Client.csproj", "{9F2A1667-3037-43A3-88EE-90FEFAF585A4}"
EndProject
Project("{FAE04EC0-301F-11D3-BF4B-00C04F79EFBC}") = "BlazorWASM.Shared", "BlazorWASM\Shared\BlazorWASM.Shared.csproj", "{F3941E85-050A-47D7-B61A-008F09BC3D51}"
EndProject
Global
	GlobalSection(SolutionConfigurationPlatforms) = preSolution
		Debug|Any CPU = Debug|Any CPU
		Release|Any CPU = Release|Any CPU
	EndGlobalSection
	GlobalSection(ProjectConfigurationPlatforms) = postSolution
		{C3C6DF4C-8264-4ADC-998B-82BB838756B3}.Debug|Any CPU.ActiveCfg = Debug|Any CPU
		{C3C6DF4C-8264-4ADC-998B-82BB838756B3}.Debug|Any CPU.Build.0 = Debug|Any CPU
		{C3C6DF4C-8264-4ADC-998B-82BB838756B3}.Release|Any CPU.ActiveCfg = Release|Any CPU
		{C3C6DF4C-8264-4ADC-998B-82BB838756B3}.Release|Any CPU.Build.0 = Release|Any CPU
		{9F2A1667-3037-43A3-88EE-90FEFAF585A4}.Debug|Any CPU.ActiveCfg = Debug|Any CPU
		{9F2A1667-3037-43A3-88EE-90FEFAF585A4}.Debug|Any CPU.Build.0 = Debug|Any CPU
		{9F2A1667-3037-43A3-88EE-90FEFAF585A4}.Release|Any CPU.ActiveCfg = Release|Any CPU
		{9F2A1667-3037-43A3-88EE-90FEFAF585A4}.Release|Any CPU.Build.0 = Release|Any CPU
		{F3941E85-050A-47D7-B61A-008F09BC3D51}.Debug|Any CPU.ActiveCfg = Debug|Any CPU
		{F3941E85-050A-47D7-B61A-008F09BC3D51}.Debug|Any CPU.Build.0 = Debug|Any CPU
		{F3941E85-050A-47D7-B61A-008F09BC3D51}.Release|Any CPU.ActiveCfg = Release|Any CPU
		{F3941E85-050A-47D7-B61A-008F09BC3D51}.Release|Any CPU.Build.0 = Release|Any CPU
	EndGlobalSection
	GlobalSection(SolutionProperties) = preSolution
		HideSolutionNode = FALSE
	EndGlobalSection
	GlobalSection(ExtensibilityGlobals) = postSolution
		SolutionGuid = {0B420F89-2EBD-4DC6-AA5A-76747B919BDE}
	EndGlobalSection
EndGlobal
